PODS:
  - Alamofire (4.6.0)
  - Autumn (1.0.13):
    - Alamofire (~> 4.5)

DEPENDENCIES:
  - Alamofire (~> 4.5)
  - Autumn (from `Autumn.podspec`)

SPEC REPOS:
  https://github.com/cocoapods/specs.git:
    - Alamofire

EXTERNAL SOURCES:
  Autumn:
    :path: Autumn.podspec

SPEC CHECKSUMS:
  Alamofire: f41a599bd63041760b26d393ec1069d9d7b917f4
  Autumn: c5d518901349561512195253f6e52fa1eb4906fd

PODFILE CHECKSUM: fc920f94374cf2932a438a8a5b9aea4e31e38cd2

COCOAPODS: 1.5.3
