// !$*UTF8*$!
{
	archiveVersion = 1;
	classes = {
	};
	objectVersion = 48;
	objects = {

/* Begin PBXBuildFile section */
		27B95ED8496EAB39A05C8344 /* Pods_AutumnDemo.framework in Frameworks */ = {isa = PBXBuildFile; fileRef = 9AD752BEA628451EA64C80F0 /* Pods_AutumnDemo.framework */; };
		5E4BC05B5FBB8A22E9A37257 /* Regex.swift in Sources */ = {isa = PBXBuildFile; fileRef = 5E4BC62B7257BABCC79D05A8 /* Regex.swift */; };
		5E4BC05F07779C2C7395347F /* AutumnScenario.swift in Sources */ = {isa = PBXBuildFile; fileRef = 5E4BCE591F720052794E012A /* AutumnScenario.swift */; };
		5E4BC0861F18C4EEA1EB044A /* Springboard.swift in Sources */ = {isa = PBXBuildFile; fileRef = 5E4BCF9B5D7AE7220DCD55F6 /* Springboard.swift */; };
		5E4BC0F9298F2FDB7E72B45F /* AutumnTestSteps.swift in Sources */ = {isa = PBXBuildFile; fileRef = 5E4BCCCFF3AF96A5D7DFC7B4 /* AutumnTestSteps.swift */; };
		5E4BC40FED473BC4F3F004A5 /* MoreStuffViewController.swift in Sources */ = {isa = PBXBuildFile; fileRef = 5E4BC4ABB4CAC83A26D2DC41 /* MoreStuffViewController.swift */; };
		5E4BC4641928BCB676F59283 /* AutumnDemoFeature.swift in Sources */ = {isa = PBXBuildFile; fileRef = 5E4BCFF34590F538DE0F69BB /* AutumnDemoFeature.swift */; };
		5E4BC50AB8F3E378BAFF1C5A /* AutumnUI.swift in Sources */ = {isa = PBXBuildFile; fileRef = 5E4BC90CCDB1E33889D74349 /* AutumnUI.swift */; };
		5E4BC54EBC9803DB5BD63666 /* ACI.swift in Sources */ = {isa = PBXBuildFile; fileRef = 5E4BC5752A2F7801A65B425F /* ACI.swift */; };
		5E4BC59D1DA1FA0DF14B1423 /* AutumnFeature.swift in Sources */ = {isa = PBXBuildFile; fileRef = 5E4BC0A168814B6443565531 /* AutumnFeature.swift */; };
		5E4BC61676563650CA778AC0 /* ACI.swift in Sources */ = {isa = PBXBuildFile; fileRef = 5E4BC5752A2F7801A65B425F /* ACI.swift */; };
		5E4BC6EABEEA9E6FEFADB9CB /* AutumnDemoUITests.swift in Sources */ = {isa = PBXBuildFile; fileRef = 5E4BC20D152279EC5C597D84 /* AutumnDemoUITests.swift */; };
		5E4BC71B0954FF7CE66A01C7 /* AutumnSession.swift in Sources */ = {isa = PBXBuildFile; fileRef = 5E4BC1F9ECD79F1996A66456 /* AutumnSession.swift */; };
		5E4BC76625FBD3BB12CA8C60 /* AutumnConfig.swift in Sources */ = {isa = PBXBuildFile; fileRef = 5E4BC04D1C39E61D72FC1DFA /* AutumnConfig.swift */; };
		5E4BC9BCD0BEF3E74CD6A728 /* AutumnTestStepResult.swift in Sources */ = {isa = PBXBuildFile; fileRef = 5E4BC8DD041F1504D35AA526 /* AutumnTestStepResult.swift */; };
		5E4BCAAE96EDBBBD6C46A29A /* AutumnConstants.swift in Sources */ = {isa = PBXBuildFile; fileRef = 5E4BCCF05CF3FD16DFE221C2 /* AutumnConstants.swift */; };
		5E4BCBD4450CF50C2858FEEF /* AutumnTestStep.swift in Sources */ = {isa = PBXBuildFile; fileRef = 5E4BC3BB46ADC127DE2D60D3 /* AutumnTestStep.swift */; };
		5E4BCC3075BE0A2389446F9D /* AutumnViewProxy.swift in Sources */ = {isa = PBXBuildFile; fileRef = 5E4BC0E9582C50152BDA3D6A /* AutumnViewProxy.swift */; };
		5E4BCE32B89DC6DC6DDB4F2C /* TabularText.swift in Sources */ = {isa = PBXBuildFile; fileRef = 5E4BC502C243C6C2B2C5B5DA /* TabularText.swift */; };
		5E4BCEACF29ED1D18F75BC2F /* AutumnDemoViewProxy.swift in Sources */ = {isa = PBXBuildFile; fileRef = 5E4BCDFB29097D00DD8A6DB8 /* AutumnDemoViewProxy.swift */; };
		5E4BCF82E5F7F83D527873CC /* AutumnDemoScenarios.swift in Sources */ = {isa = PBXBuildFile; fileRef = 5E4BC3943AF51EFEB3CCD4D2 /* AutumnDemoScenarios.swift */; };
		62C8B97E2047DD87008C2096 /* AutumnLog.swift in Sources */ = {isa = PBXBuildFile; fileRef = 5E4BCE2B9DC5995FBEBE1E6F /* AutumnLog.swift */; };
		62C8B97F2047DD87008C2096 /* AutumnEnums.swift in Sources */ = {isa = PBXBuildFile; fileRef = 5E4BCCA0B0366B6E8F292C7F /* AutumnEnums.swift */; };
		62C8B9802047DD87008C2096 /* AutumnTestRunner.swift in Sources */ = {isa = PBXBuildFile; fileRef = 5E4BCDBFFEFBEC60A0CA84EC /* AutumnTestRunner.swift */; };
		62C8B9842047DD87008C2096 /* AutumnTelemetry.swift in Sources */ = {isa = PBXBuildFile; fileRef = 5E4BCB3694CC7B7BE6111F32 /* AutumnTelemetry.swift */; };
		62C8B9862047DD87008C2096 /* AutumnSessionManager.swift in Sources */ = {isa = PBXBuildFile; fileRef = 5E4BC337D222CE2CE91EE753 /* AutumnSessionManager.swift */; };
		62C8B9872047DD91008C2096 /* AutumnUser.swift in Sources */ = {isa = PBXBuildFile; fileRef = 5E4BC203088EC4372D31F810 /* AutumnUser.swift */; };
		62C8B9882047DD91008C2096 /* AutumnStats.swift in Sources */ = {isa = PBXBuildFile; fileRef = 5E4BCC9A8C984773E57590C0 /* AutumnStats.swift */; };
		62C8B98A2047DDA1008C2096 /* TextFile.swift in Sources */ = {isa = PBXBuildFile; fileRef = 5E4BC69C2862B42C1D864F92 /* TextFile.swift */; };
		62C8B98B2047DDA1008C2096 /* CSVImporter.swift in Sources */ = {isa = PBXBuildFile; fileRef = 5E4BC18D0571A97C5E402756 /* CSVImporter.swift */; };
		62C8B98C2047DDA7008C2096 /* Log.swift in Sources */ = {isa = PBXBuildFile; fileRef = 5E4BCA3A41039C95CF998345 /* Log.swift */; };
		62C8B98D2047DDA7008C2096 /* Dice.swift in Sources */ = {isa = PBXBuildFile; fileRef = 5E4BCC97AFFC9B30A8665008 /* Dice.swift */; };
		62C8B98E2047DDA7008C2096 /* File.swift in Sources */ = {isa = PBXBuildFile; fileRef = 5E4BCE73B5C5AC6E6D66FC11 /* File.swift */; };
		62C8B98F2047DDA7008C2096 /* JSON.swift in Sources */ = {isa = PBXBuildFile; fileRef = 5E4BCAD9C40884FD0E32831F /* JSON.swift */; };
		62C8B9902047DDA7008C2096 /* Interval.swift in Sources */ = {isa = PBXBuildFile; fileRef = 5E4BCB3DEA6B0E66088289D8 /* Interval.swift */; };
		62C8B9912047DDA7008C2096 /* Metatype.swift in Sources */ = {isa = PBXBuildFile; fileRef = 5E4BCDB4C426F4C5C9392E65 /* Metatype.swift */; };
		62C8B9922047DDA7008C2096 /* StopWatch.swift in Sources */ = {isa = PBXBuildFile; fileRef = 5E4BC0E26368EDDC3C07DCFE /* StopWatch.swift */; };
		62C8B9932047DDAC008C2096 /* SortedArray.swift in Sources */ = {isa = PBXBuildFile; fileRef = 5E4BCD72FA663BB146132F07 /* SortedArray.swift */; };
		62C8B9942047DDAC008C2096 /* FrequencyTable.swift in Sources */ = {isa = PBXBuildFile; fileRef = 5E4BCEC1BFC7F9D981E9773E /* FrequencyTable.swift */; };
		62C8B9952047DDB3008C2096 /* Int.swift in Sources */ = {isa = PBXBuildFile; fileRef = 5E4BC9AF3F072D77C4A0AE84 /* Int.swift */; };
		62C8B9962047DDB3008C2096 /* UInt.swift in Sources */ = {isa = PBXBuildFile; fileRef = 5E4BC00F536A9BF1A1B4AFF3 /* UInt.swift */; };
		62C8B9972047DDB3008C2096 /* Array.swift in Sources */ = {isa = PBXBuildFile; fileRef = 5E4BCCD0119A8EA107D0069B /* Array.swift */; };
		62C8B9982047DDB3008C2096 /* Double.swift in Sources */ = {isa = PBXBuildFile; fileRef = 5E4BCB56BC3BFC1901D0E874 /* Double.swift */; };
		62C8B9992047DDB3008C2096 /* String.swift in Sources */ = {isa = PBXBuildFile; fileRef = 5E4BCFBFAD1DB996ECE474AB /* String.swift */; };
		62C8B99A2047DDB3008C2096 /* UIView.swift in Sources */ = {isa = PBXBuildFile; fileRef = 5E4BCF16B3121B9353D9BA2E /* UIView.swift */; };
		62C8B99B2047DDB3008C2096 /* UIColor.swift in Sources */ = {isa = PBXBuildFile; fileRef = 5E4BCD214B2B1D44D1FF9953 /* UIColor.swift */; };
		62C8B99C2047DDB3008C2096 /* NSObject.swift in Sources */ = {isa = PBXBuildFile; fileRef = 5E4BC96DFFE2059E8D386667 /* NSObject.swift */; };
		62C8B99D2047DDB3008C2096 /* UIDevice.swift in Sources */ = {isa = PBXBuildFile; fileRef = 5E4BC3F4DCEF258746FBCCE2 /* UIDevice.swift */; };
		62C8B99E2047DDB3008C2096 /* Encodable.swift in Sources */ = {isa = PBXBuildFile; fileRef = 5E4BC2730497CA8D8EBB8F06 /* Encodable.swift */; };
		62C8B99F2047DDB3008C2096 /* Dictionary.swift in Sources */ = {isa = PBXBuildFile; fileRef = 5E4BC9B988FCB5C03D55EE78 /* Dictionary.swift */; };
		62C8B9A02047DDB3008C2096 /* TimeInterval.swift in Sources */ = {isa = PBXBuildFile; fileRef = 5E4BC15278E6B7BC21B951DD /* TimeInterval.swift */; };
		62C8B9A12047DDB3008C2096 /* CharacterView.swift in Sources */ = {isa = PBXBuildFile; fileRef = 5E4BCE9ED9DEBDEE0E7A97D1 /* CharacterView.swift */; };
		62C8B9A22047DDB3008C2096 /* UIApplication.swift in Sources */ = {isa = PBXBuildFile; fileRef = 5E4BC899B6B71D352120A964 /* UIApplication.swift */; };
		62C8B9A32047DDB3008C2096 /* DispatchTimeInterval.swift in Sources */ = {isa = PBXBuildFile; fileRef = 5E4BC83F5AD39E1C7EA0714C /* DispatchTimeInterval.swift */; };
		62C8B9A42047DDE5008C2096 /* Globals.swift in Sources */ = {isa = PBXBuildFile; fileRef = 5E4BC12DC6618770617B7D27 /* Globals.swift */; };
		62E511B7204533D600C2E3E8 /* AppDelegate.swift in Sources */ = {isa = PBXBuildFile; fileRef = 62E511B6204533D600C2E3E8 /* AppDelegate.swift */; };
		62E511B9204533D600C2E3E8 /* ViewController.swift in Sources */ = {isa = PBXBuildFile; fileRef = 62E511B8204533D600C2E3E8 /* ViewController.swift */; };
		62E511BC204533D600C2E3E8 /* Main.storyboard in Resources */ = {isa = PBXBuildFile; fileRef = 62E511BA204533D600C2E3E8 /* Main.storyboard */; };
		62E511BE204533D600C2E3E8 /* Assets.xcassets in Resources */ = {isa = PBXBuildFile; fileRef = 62E511BD204533D600C2E3E8 /* Assets.xcassets */; };
		62E511C1204533D600C2E3E8 /* LaunchScreen.storyboard in Resources */ = {isa = PBXBuildFile; fileRef = 62E511BF204533D600C2E3E8 /* LaunchScreen.storyboard */; };
/* End PBXBuildFile section */

/* Begin PBXContainerItemProxy section */
		62E511C8204533D600C2E3E8 /* PBXContainerItemProxy */ = {
			isa = PBXContainerItemProxy;
			containerPortal = 62E511AB204533D600C2E3E8 /* Project object */;
			proxyType = 1;
			remoteGlobalIDString = 62E511B2204533D600C2E3E8;
			remoteInfo = AutumnDemo;
		};
/* End PBXContainerItemProxy section */

/* Begin PBXFileReference section */
		0A95E3B716FA2BAC0F5C8336 /* Pods-AutumnDemo.debug.xcconfig */ = {isa = PBXFileReference; includeInIndex = 1; lastKnownFileType = text.xcconfig; name = "Pods-AutumnDemo.debug.xcconfig"; path = "../Pods/Target Support Files/Pods-AutumnDemo/Pods-AutumnDemo.debug.xcconfig"; sourceTree = "<group>"; };
		2871AC22C849266DF678EF78 /* Pods-AutumnDemo.release.xcconfig */ = {isa = PBXFileReference; includeInIndex = 1; lastKnownFileType = text.xcconfig; name = "Pods-AutumnDemo.release.xcconfig"; path = "../Pods/Target Support Files/Pods-AutumnDemo/Pods-AutumnDemo.release.xcconfig"; sourceTree = "<group>"; };
		5E4BC00F536A9BF1A1B4AFF3 /* UInt.swift */ = {isa = PBXFileReference; fileEncoding = 4; lastKnownFileType = sourcecode.swift; path = UInt.swift; sourceTree = "<group>"; };
		5E4BC04D1C39E61D72FC1DFA /* AutumnConfig.swift */ = {isa = PBXFileReference; fileEncoding = 4; lastKnownFileType = sourcecode.swift; path = AutumnConfig.swift; sourceTree = "<group>"; };
		5E4BC0A168814B6443565531 /* AutumnFeature.swift */ = {isa = PBXFileReference; fileEncoding = 4; lastKnownFileType = sourcecode.swift; path = AutumnFeature.swift; sourceTree = "<group>"; };
		5E4BC0E26368EDDC3C07DCFE /* StopWatch.swift */ = {isa = PBXFileReference; fileEncoding = 4; lastKnownFileType = sourcecode.swift; path = StopWatch.swift; sourceTree = "<group>"; };
		5E4BC0E9582C50152BDA3D6A /* AutumnViewProxy.swift */ = {isa = PBXFileReference; fileEncoding = 4; lastKnownFileType = sourcecode.swift; path = AutumnViewProxy.swift; sourceTree = "<group>"; };
		5E4BC12DC6618770617B7D27 /* Globals.swift */ = {isa = PBXFileReference; fileEncoding = 4; lastKnownFileType = sourcecode.swift; path = Globals.swift; sourceTree = "<group>"; };
		5E4BC15278E6B7BC21B951DD /* TimeInterval.swift */ = {isa = PBXFileReference; fileEncoding = 4; lastKnownFileType = sourcecode.swift; path = TimeInterval.swift; sourceTree = "<group>"; };
		5E4BC18D0571A97C5E402756 /* CSVImporter.swift */ = {isa = PBXFileReference; fileEncoding = 4; lastKnownFileType = sourcecode.swift; path = CSVImporter.swift; sourceTree = "<group>"; };
		5E4BC1F9ECD79F1996A66456 /* AutumnSession.swift */ = {isa = PBXFileReference; fileEncoding = 4; lastKnownFileType = sourcecode.swift; path = AutumnSession.swift; sourceTree = "<group>"; };
		5E4BC203088EC4372D31F810 /* AutumnUser.swift */ = {isa = PBXFileReference; fileEncoding = 4; lastKnownFileType = sourcecode.swift; path = AutumnUser.swift; sourceTree = "<group>"; };
		5E4BC20D152279EC5C597D84 /* AutumnDemoUITests.swift */ = {isa = PBXFileReference; fileEncoding = 4; lastKnownFileType = sourcecode.swift; path = AutumnDemoUITests.swift; sourceTree = "<group>"; };
		5E4BC2730497CA8D8EBB8F06 /* Encodable.swift */ = {isa = PBXFileReference; fileEncoding = 4; lastKnownFileType = sourcecode.swift; path = Encodable.swift; sourceTree = "<group>"; };
		5E4BC337D222CE2CE91EE753 /* AutumnSessionManager.swift */ = {isa = PBXFileReference; fileEncoding = 4; lastKnownFileType = sourcecode.swift; path = AutumnSessionManager.swift; sourceTree = "<group>"; };
		5E4BC3943AF51EFEB3CCD4D2 /* AutumnDemoScenarios.swift */ = {isa = PBXFileReference; fileEncoding = 4; lastKnownFileType = sourcecode.swift; path = AutumnDemoScenarios.swift; sourceTree = "<group>"; };
		5E4BC3BB46ADC127DE2D60D3 /* AutumnTestStep.swift */ = {isa = PBXFileReference; fileEncoding = 4; lastKnownFileType = sourcecode.swift; path = AutumnTestStep.swift; sourceTree = "<group>"; };
		5E4BC3F4DCEF258746FBCCE2 /* UIDevice.swift */ = {isa = PBXFileReference; fileEncoding = 4; lastKnownFileType = sourcecode.swift; path = UIDevice.swift; sourceTree = "<group>"; };
		5E4BC4ABB4CAC83A26D2DC41 /* MoreStuffViewController.swift */ = {isa = PBXFileReference; fileEncoding = 4; lastKnownFileType = sourcecode.swift; path = MoreStuffViewController.swift; sourceTree = "<group>"; };
		5E4BC502C243C6C2B2C5B5DA /* TabularText.swift */ = {isa = PBXFileReference; fileEncoding = 4; lastKnownFileType = sourcecode.swift; path = TabularText.swift; sourceTree = "<group>"; };
		5E4BC5752A2F7801A65B425F /* ACI.swift */ = {isa = PBXFileReference; fileEncoding = 4; lastKnownFileType = sourcecode.swift; path = ACI.swift; sourceTree = "<group>"; };
		5E4BC62B7257BABCC79D05A8 /* Regex.swift */ = {isa = PBXFileReference; fileEncoding = 4; lastKnownFileType = sourcecode.swift; path = Regex.swift; sourceTree = "<group>"; };
		5E4BC69C2862B42C1D864F92 /* TextFile.swift */ = {isa = PBXFileReference; fileEncoding = 4; lastKnownFileType = sourcecode.swift; path = TextFile.swift; sourceTree = "<group>"; };
		5E4BC83F5AD39E1C7EA0714C /* DispatchTimeInterval.swift */ = {isa = PBXFileReference; fileEncoding = 4; lastKnownFileType = sourcecode.swift; path = DispatchTimeInterval.swift; sourceTree = "<group>"; };
		5E4BC899B6B71D352120A964 /* UIApplication.swift */ = {isa = PBXFileReference; fileEncoding = 4; lastKnownFileType = sourcecode.swift; path = UIApplication.swift; sourceTree = "<group>"; };
		5E4BC8DD041F1504D35AA526 /* AutumnTestStepResult.swift */ = {isa = PBXFileReference; fileEncoding = 4; lastKnownFileType = sourcecode.swift; path = AutumnTestStepResult.swift; sourceTree = "<group>"; };
		5E4BC90CCDB1E33889D74349 /* AutumnUI.swift */ = {isa = PBXFileReference; fileEncoding = 4; lastKnownFileType = sourcecode.swift; path = AutumnUI.swift; sourceTree = "<group>"; };
		5E4BC96DFFE2059E8D386667 /* NSObject.swift */ = {isa = PBXFileReference; fileEncoding = 4; lastKnownFileType = sourcecode.swift; path = NSObject.swift; sourceTree = "<group>"; };
		5E4BC9AF3F072D77C4A0AE84 /* Int.swift */ = {isa = PBXFileReference; fileEncoding = 4; lastKnownFileType = sourcecode.swift; path = Int.swift; sourceTree = "<group>"; };
		5E4BC9B988FCB5C03D55EE78 /* Dictionary.swift */ = {isa = PBXFileReference; fileEncoding = 4; lastKnownFileType = sourcecode.swift; path = Dictionary.swift; sourceTree = "<group>"; };
		5E4BCA3A41039C95CF998345 /* Log.swift */ = {isa = PBXFileReference; fileEncoding = 4; lastKnownFileType = sourcecode.swift; path = Log.swift; sourceTree = "<group>"; };
		5E4BCAD9C40884FD0E32831F /* JSON.swift */ = {isa = PBXFileReference; fileEncoding = 4; lastKnownFileType = sourcecode.swift; path = JSON.swift; sourceTree = "<group>"; };
		5E4BCB3694CC7B7BE6111F32 /* AutumnTelemetry.swift */ = {isa = PBXFileReference; fileEncoding = 4; lastKnownFileType = sourcecode.swift; path = AutumnTelemetry.swift; sourceTree = "<group>"; };
		5E4BCB3DEA6B0E66088289D8 /* Interval.swift */ = {isa = PBXFileReference; fileEncoding = 4; lastKnownFileType = sourcecode.swift; path = Interval.swift; sourceTree = "<group>"; };
		5E4BCB56BC3BFC1901D0E874 /* Double.swift */ = {isa = PBXFileReference; fileEncoding = 4; lastKnownFileType = sourcecode.swift; path = Double.swift; sourceTree = "<group>"; };
		5E4BCC97AFFC9B30A8665008 /* Dice.swift */ = {isa = PBXFileReference; fileEncoding = 4; lastKnownFileType = sourcecode.swift; path = Dice.swift; sourceTree = "<group>"; };
		5E4BCC9A8C984773E57590C0 /* AutumnStats.swift */ = {isa = PBXFileReference; fileEncoding = 4; lastKnownFileType = sourcecode.swift; path = AutumnStats.swift; sourceTree = "<group>"; };
		5E4BCCA0B0366B6E8F292C7F /* AutumnEnums.swift */ = {isa = PBXFileReference; fileEncoding = 4; lastKnownFileType = sourcecode.swift; path = AutumnEnums.swift; sourceTree = "<group>"; };
		5E4BCCCFF3AF96A5D7DFC7B4 /* AutumnTestSteps.swift */ = {isa = PBXFileReference; fileEncoding = 4; lastKnownFileType = sourcecode.swift; path = AutumnTestSteps.swift; sourceTree = "<group>"; };
		5E4BCCD0119A8EA107D0069B /* Array.swift */ = {isa = PBXFileReference; fileEncoding = 4; lastKnownFileType = sourcecode.swift; path = Array.swift; sourceTree = "<group>"; };
		5E4BCCF05CF3FD16DFE221C2 /* AutumnConstants.swift */ = {isa = PBXFileReference; fileEncoding = 4; lastKnownFileType = sourcecode.swift; path = AutumnConstants.swift; sourceTree = "<group>"; };
		5E4BCD214B2B1D44D1FF9953 /* UIColor.swift */ = {isa = PBXFileReference; fileEncoding = 4; lastKnownFileType = sourcecode.swift; path = UIColor.swift; sourceTree = "<group>"; };
		5E4BCD72FA663BB146132F07 /* SortedArray.swift */ = {isa = PBXFileReference; fileEncoding = 4; lastKnownFileType = sourcecode.swift; path = SortedArray.swift; sourceTree = "<group>"; };
		5E4BCDB4C426F4C5C9392E65 /* Metatype.swift */ = {isa = PBXFileReference; fileEncoding = 4; lastKnownFileType = sourcecode.swift; path = Metatype.swift; sourceTree = "<group>"; };
		5E4BCDBFFEFBEC60A0CA84EC /* AutumnTestRunner.swift */ = {isa = PBXFileReference; fileEncoding = 4; lastKnownFileType = sourcecode.swift; path = AutumnTestRunner.swift; sourceTree = "<group>"; };
		5E4BCDFB29097D00DD8A6DB8 /* AutumnDemoViewProxy.swift */ = {isa = PBXFileReference; fileEncoding = 4; lastKnownFileType = sourcecode.swift; path = AutumnDemoViewProxy.swift; sourceTree = "<group>"; };
		5E4BCE2B9DC5995FBEBE1E6F /* AutumnLog.swift */ = {isa = PBXFileReference; fileEncoding = 4; lastKnownFileType = sourcecode.swift; path = AutumnLog.swift; sourceTree = "<group>"; };
		5E4BCE591F720052794E012A /* AutumnScenario.swift */ = {isa = PBXFileReference; fileEncoding = 4; lastKnownFileType = sourcecode.swift; path = AutumnScenario.swift; sourceTree = "<group>"; };
		5E4BCE73B5C5AC6E6D66FC11 /* File.swift */ = {isa = PBXFileReference; fileEncoding = 4; lastKnownFileType = sourcecode.swift; path = File.swift; sourceTree = "<group>"; };
		5E4BCE9ED9DEBDEE0E7A97D1 /* CharacterView.swift */ = {isa = PBXFileReference; fileEncoding = 4; lastKnownFileType = sourcecode.swift; path = CharacterView.swift; sourceTree = "<group>"; };
		5E4BCEC1BFC7F9D981E9773E /* FrequencyTable.swift */ = {isa = PBXFileReference; fileEncoding = 4; lastKnownFileType = sourcecode.swift; path = FrequencyTable.swift; sourceTree = "<group>"; };
		5E4BCF16B3121B9353D9BA2E /* UIView.swift */ = {isa = PBXFileReference; fileEncoding = 4; lastKnownFileType = sourcecode.swift; path = UIView.swift; sourceTree = "<group>"; };
		5E4BCF9B5D7AE7220DCD55F6 /* Springboard.swift */ = {isa = PBXFileReference; fileEncoding = 4; lastKnownFileType = sourcecode.swift; path = Springboard.swift; sourceTree = "<group>"; };
		5E4BCFBFAD1DB996ECE474AB /* String.swift */ = {isa = PBXFileReference; fileEncoding = 4; lastKnownFileType = sourcecode.swift; path = String.swift; sourceTree = "<group>"; };
		5E4BCFF34590F538DE0F69BB /* AutumnDemoFeature.swift */ = {isa = PBXFileReference; fileEncoding = 4; lastKnownFileType = sourcecode.swift; path = AutumnDemoFeature.swift; sourceTree = "<group>"; };
		627DAAF62046786B00C08EF1 /* XCTest.framework */ = {isa = PBXFileReference; lastKnownFileType = wrapper.framework; name = XCTest.framework; path = Platforms/iPhoneOS.platform/Developer/Library/Frameworks/XCTest.framework; sourceTree = DEVELOPER_DIR; };
		62E511B3204533D600C2E3E8 /* AutumnDemo.app */ = {isa = PBXFileReference; explicitFileType = wrapper.application; includeInIndex = 0; path = AutumnDemo.app; sourceTree = BUILT_PRODUCTS_DIR; };
		62E511B6204533D600C2E3E8 /* AppDelegate.swift */ = {isa = PBXFileReference; lastKnownFileType = sourcecode.swift; path = AppDelegate.swift; sourceTree = "<group>"; };
		62E511B8204533D600C2E3E8 /* ViewController.swift */ = {isa = PBXFileReference; lastKnownFileType = sourcecode.swift; path = ViewController.swift; sourceTree = "<group>"; };
		62E511BB204533D600C2E3E8 /* Base */ = {isa = PBXFileReference; lastKnownFileType = file.storyboard; name = Base; path = Base.lproj/Main.storyboard; sourceTree = "<group>"; };
		62E511BD204533D600C2E3E8 /* Assets.xcassets */ = {isa = PBXFileReference; lastKnownFileType = folder.assetcatalog; path = Assets.xcassets; sourceTree = "<group>"; };
		62E511C0204533D600C2E3E8 /* Base */ = {isa = PBXFileReference; lastKnownFileType = file.storyboard; name = Base; path = Base.lproj/LaunchScreen.storyboard; sourceTree = "<group>"; };
		62E511C2204533D600C2E3E8 /* Info.plist */ = {isa = PBXFileReference; lastKnownFileType = text.plist.xml; path = Info.plist; sourceTree = "<group>"; };
		62E511C7204533D600C2E3E8 /* AutumnDemoUITests.xctest */ = {isa = PBXFileReference; explicitFileType = wrapper.cfbundle; includeInIndex = 0; path = AutumnDemoUITests.xctest; sourceTree = BUILT_PRODUCTS_DIR; };
		62E511CD204533D600C2E3E8 /* Info.plist */ = {isa = PBXFileReference; lastKnownFileType = text.plist.xml; path = Info.plist; sourceTree = "<group>"; };
		9AD752BEA628451EA64C80F0 /* Pods_AutumnDemo.framework */ = {isa = PBXFileReference; explicitFileType = wrapper.framework; includeInIndex = 0; path = Pods_AutumnDemo.framework; sourceTree = BUILT_PRODUCTS_DIR; };
/* End PBXFileReference section */

/* Begin PBXFrameworksBuildPhase section */
		62E511B0204533D600C2E3E8 /* Frameworks */ = {
			isa = PBXFrameworksBuildPhase;
			buildActionMask = 2147483647;
			files = (
				27B95ED8496EAB39A05C8344 /* Pods_AutumnDemo.framework in Frameworks */,
			);
			runOnlyForDeploymentPostprocessing = 0;
		};
		62E511C4204533D600C2E3E8 /* Frameworks */ = {
			isa = PBXFrameworksBuildPhase;
			buildActionMask = 2147483647;
			files = (
			);
			runOnlyForDeploymentPostprocessing = 0;
		};
/* End PBXFrameworksBuildPhase section */

/* Begin PBXGroup section */
		0019C752FF0ECFEFF6A3AF29 /* Pods */ = {
			isa = PBXGroup;
			children = (
				0A95E3B716FA2BAC0F5C8336 /* Pods-AutumnDemo.debug.xcconfig */,
				2871AC22C849266DF678EF78 /* Pods-AutumnDemo.release.xcconfig */,
			);
			name = Pods;
			sourceTree = "<group>";
		};
		5E4BC0EC569B1F4765CDF4E2 /* ViewProxies */ = {
			isa = PBXGroup;
			children = (
				5E4BCDFB29097D00DD8A6DB8 /* AutumnDemoViewProxy.swift */,
			);
			path = ViewProxies;
			sourceTree = "<group>";
		};
		5E4BC28AE6165D931F122CB8 /* Core */ = {
			isa = PBXGroup;
			children = (
				5E4BC666CBF02B60A7983FE5 /* Model */,
				5E4BCE2B9DC5995FBEBE1E6F /* AutumnLog.swift */,
				5E4BCCA0B0366B6E8F292C7F /* AutumnEnums.swift */,
				5E4BCDBFFEFBEC60A0CA84EC /* AutumnTestRunner.swift */,
				5E4BCB3694CC7B7BE6111F32 /* AutumnTelemetry.swift */,
				5E4BC337D222CE2CE91EE753 /* AutumnSessionManager.swift */,
				5E4BC90CCDB1E33889D74349 /* AutumnUI.swift */,
				5E4BC1F9ECD79F1996A66456 /* AutumnSession.swift */,
				5E4BCCF05CF3FD16DFE221C2 /* AutumnConstants.swift */,
				5E4BCCCFF3AF96A5D7DFC7B4 /* AutumnTestSteps.swift */,
			);
			path = Core;
			sourceTree = "<group>";
		};
		5E4BC2FEEA107724E95D1935 /* Framework */ = {
			isa = PBXGroup;
			children = (
				5E4BC8FA07291636C607DC0B /* Lib */,
				5E4BC8D3CD0A8752168EA407 /* Autumn */,
			);
			path = Framework;
			sourceTree = "<group>";
		};
		5E4BC4EEA5B0029E08CC0FC6 /* IOS */ = {
			isa = PBXGroup;
			children = (
				5E4BCF9B5D7AE7220DCD55F6 /* Springboard.swift */,
			);
			path = IOS;
			sourceTree = "<group>";
		};
		5E4BC515DBDDBA3900E57E7B /* file */ = {
			isa = PBXGroup;
			children = (
				5E4BC69C2862B42C1D864F92 /* TextFile.swift */,
				5E4BC18D0571A97C5E402756 /* CSVImporter.swift */,
			);
			path = file;
			sourceTree = "<group>";
		};
		5E4BC666CBF02B60A7983FE5 /* Model */ = {
			isa = PBXGroup;
			children = (
				5E4BC203088EC4372D31F810 /* AutumnUser.swift */,
				5E4BCC9A8C984773E57590C0 /* AutumnStats.swift */,
				5E4BC04D1C39E61D72FC1DFA /* AutumnConfig.swift */,
				5E4BC0A168814B6443565531 /* AutumnFeature.swift */,
				5E4BCE591F720052794E012A /* AutumnScenario.swift */,
				5E4BC3BB46ADC127DE2D60D3 /* AutumnTestStep.swift */,
				5E4BC8DD041F1504D35AA526 /* AutumnTestStepResult.swift */,
				5E4BC0E9582C50152BDA3D6A /* AutumnViewProxy.swift */,
			);
			path = Model;
			sourceTree = "<group>";
		};
		5E4BC722828A497E301E7BC8 /* utils */ = {
			isa = PBXGroup;
			children = (
				5E4BCA3A41039C95CF998345 /* Log.swift */,
				5E4BCC97AFFC9B30A8665008 /* Dice.swift */,
				5E4BCE73B5C5AC6E6D66FC11 /* File.swift */,
				5E4BCAD9C40884FD0E32831F /* JSON.swift */,
				5E4BCB3DEA6B0E66088289D8 /* Interval.swift */,
				5E4BCDB4C426F4C5C9392E65 /* Metatype.swift */,
				5E4BC0E26368EDDC3C07DCFE /* StopWatch.swift */,
				5E4BC502C243C6C2B2C5B5DA /* TabularText.swift */,
				5E4BC62B7257BABCC79D05A8 /* Regex.swift */,
			);
			path = utils;
			sourceTree = "<group>";
		};
		5E4BC7935AD6AB58976ED040 /* extensions */ = {
			isa = PBXGroup;
			children = (
				5E4BC9AF3F072D77C4A0AE84 /* Int.swift */,
				5E4BC00F536A9BF1A1B4AFF3 /* UInt.swift */,
				5E4BCCD0119A8EA107D0069B /* Array.swift */,
				5E4BCB56BC3BFC1901D0E874 /* Double.swift */,
				5E4BCFBFAD1DB996ECE474AB /* String.swift */,
				5E4BCF16B3121B9353D9BA2E /* UIView.swift */,
				5E4BCD214B2B1D44D1FF9953 /* UIColor.swift */,
				5E4BC96DFFE2059E8D386667 /* NSObject.swift */,
				5E4BC3F4DCEF258746FBCCE2 /* UIDevice.swift */,
				5E4BC2730497CA8D8EBB8F06 /* Encodable.swift */,
				5E4BC9B988FCB5C03D55EE78 /* Dictionary.swift */,
				5E4BC15278E6B7BC21B951DD /* TimeInterval.swift */,
				5E4BCE9ED9DEBDEE0E7A97D1 /* CharacterView.swift */,
				5E4BC899B6B71D352120A964 /* UIApplication.swift */,
				5E4BC83F5AD39E1C7EA0714C /* DispatchTimeInterval.swift */,
			);
			path = extensions;
			sourceTree = "<group>";
		};
		5E4BC8D3CD0A8752168EA407 /* Autumn */ = {
			isa = PBXGroup;
			children = (
				5E4BC28AE6165D931F122CB8 /* Core */,
				5E4BC4EEA5B0029E08CC0FC6 /* IOS */,
			);
			path = Autumn;
			sourceTree = "<group>";
		};
		5E4BC8FA07291636C607DC0B /* Lib */ = {
			isa = PBXGroup;
			children = (
				5E4BC515DBDDBA3900E57E7B /* file */,
				5E4BC722828A497E301E7BC8 /* utils */,
				5E4BCD7B0F98C0F835D5C085 /* structs */,
				5E4BC7935AD6AB58976ED040 /* extensions */,
				5E4BC12DC6618770617B7D27 /* Globals.swift */,
			);
			path = Lib;
			sourceTree = "<group>";
		};
		5E4BCB97927384680618B524 /* Features */ = {
			isa = PBXGroup;
			children = (
				5E4BCFF34590F538DE0F69BB /* AutumnDemoFeature.swift */,
			);
			path = Features;
			sourceTree = "<group>";
		};
		5E4BCD7B0F98C0F835D5C085 /* structs */ = {
			isa = PBXGroup;
			children = (
				5E4BCD72FA663BB146132F07 /* SortedArray.swift */,
				5E4BCEC1BFC7F9D981E9773E /* FrequencyTable.swift */,
			);
			path = structs;
			sourceTree = "<group>";
		};
		5E4BCE528D8F2E743576A84F /* App */ = {
			isa = PBXGroup;
			children = (
				5E4BC20D152279EC5C597D84 /* AutumnDemoUITests.swift */,
				5E4BCB97927384680618B524 /* Features */,
				5E4BCE85CBADE59DD1C1A7CE /* Scenarios */,
				5E4BC0EC569B1F4765CDF4E2 /* ViewProxies */,
			);
			path = App;
			sourceTree = "<group>";
		};
		5E4BCE85CBADE59DD1C1A7CE /* Scenarios */ = {
			isa = PBXGroup;
			children = (
				5E4BC3943AF51EFEB3CCD4D2 /* AutumnDemoScenarios.swift */,
			);
			path = Scenarios;
			sourceTree = "<group>";
		};
		62E511AA204533D600C2E3E8 = {
			isa = PBXGroup;
			children = (
				62E511B5204533D600C2E3E8 /* AutumnDemo */,
				62E511CA204533D600C2E3E8 /* AutumnDemoUITests */,
				62E511B4204533D600C2E3E8 /* Products */,
				0019C752FF0ECFEFF6A3AF29 /* Pods */,
				9A418E369A95E862D1C70954 /* Frameworks */,
			);
			sourceTree = "<group>";
		};
		62E511B4204533D600C2E3E8 /* Products */ = {
			isa = PBXGroup;
			children = (
				62E511B3204533D600C2E3E8 /* AutumnDemo.app */,
				62E511C7204533D600C2E3E8 /* AutumnDemoUITests.xctest */,
			);
			name = Products;
			sourceTree = "<group>";
		};
		62E511B5204533D600C2E3E8 /* AutumnDemo */ = {
			isa = PBXGroup;
			children = (
				62E511C2204533D600C2E3E8 /* Info.plist */,
				62E511EC2045342200C2E3E8 /* Assets */,
				62E511EB2045341800C2E3E8 /* Source */,
				62E511ED2045342900C2E3E8 /* Storyboards */,
			);
			path = AutumnDemo;
			sourceTree = "<group>";
		};
		62E511CA204533D600C2E3E8 /* AutumnDemoUITests */ = {
			isa = PBXGroup;
			children = (
				62E511CD204533D600C2E3E8 /* Info.plist */,
				62E511EF2045349A00C2E3E8 /* Assets */,
				62E511EE2045349400C2E3E8 /* Source */,
			);
			path = AutumnDemoUITests;
			sourceTree = "<group>";
		};
		62E511EB2045341800C2E3E8 /* Source */ = {
			isa = PBXGroup;
			children = (
				62E511B6204533D600C2E3E8 /* AppDelegate.swift */,
				62E511B8204533D600C2E3E8 /* ViewController.swift */,
				5E4BC5752A2F7801A65B425F /* ACI.swift */,
				5E4BC4ABB4CAC83A26D2DC41 /* MoreStuffViewController.swift */,
			);
			path = Source;
			sourceTree = "<group>";
		};
		62E511EC2045342200C2E3E8 /* Assets */ = {
			isa = PBXGroup;
			children = (
				62E511BD204533D600C2E3E8 /* Assets.xcassets */,
			);
			path = Assets;
			sourceTree = "<group>";
		};
		62E511ED2045342900C2E3E8 /* Storyboards */ = {
			isa = PBXGroup;
			children = (
				62E511BA204533D600C2E3E8 /* Main.storyboard */,
				62E511BF204533D600C2E3E8 /* LaunchScreen.storyboard */,
			);
			path = Storyboards;
			sourceTree = "<group>";
		};
		62E511EE2045349400C2E3E8 /* Source */ = {
			isa = PBXGroup;
			children = (
				5E4BC2FEEA107724E95D1935 /* Framework */,
				5E4BCE528D8F2E743576A84F /* App */,
			);
			path = Source;
			sourceTree = "<group>";
		};
		62E511EF2045349A00C2E3E8 /* Assets */ = {
			isa = PBXGroup;
			children = (
			);
			path = Assets;
			sourceTree = "<group>";
		};
		9A418E369A95E862D1C70954 /* Frameworks */ = {
			isa = PBXGroup;
			children = (
				627DAAF62046786B00C08EF1 /* XCTest.framework */,
				9AD752BEA628451EA64C80F0 /* Pods_AutumnDemo.framework */,
			);
			name = Frameworks;
			sourceTree = "<group>";
		};
/* End PBXGroup section */

/* Begin PBXNativeTarget section */
		62E511B2204533D600C2E3E8 /* AutumnDemo */ = {
			isa = PBXNativeTarget;
			buildConfigurationList = 62E511D0204533D600C2E3E8 /* Build configuration list for PBXNativeTarget "AutumnDemo" */;
			buildPhases = (
				4330BF4ABDE42D0AE0DB7542 /* [CP] Check Pods Manifest.lock */,
				62E511AF204533D600C2E3E8 /* Sources */,
				62E511B0204533D600C2E3E8 /* Frameworks */,
				62E511B1204533D600C2E3E8 /* Resources */,
				2CC4C2813CCC6ACF3EA74F56 /* [CP] Embed Pods Frameworks */,
				090BF9491150ACF327E0FC40 /* [CP] Copy Pods Resources */,
			);
			buildRules = (
			);
			dependencies = (
			);
			name = AutumnDemo;
			productName = AutumnDemo;
			productReference = 62E511B3204533D600C2E3E8 /* AutumnDemo.app */;
			productType = "com.apple.product-type.application";
		};
		62E511C6204533D600C2E3E8 /* AutumnDemoUITests */ = {
			isa = PBXNativeTarget;
			buildConfigurationList = 62E511D3204533D600C2E3E8 /* Build configuration list for PBXNativeTarget "AutumnDemoUITests" */;
			buildPhases = (
				62E511C3204533D600C2E3E8 /* Sources */,
				62E511C4204533D600C2E3E8 /* Frameworks */,
				62E511C5204533D600C2E3E8 /* Resources */,
			);
			buildRules = (
			);
			dependencies = (
				62E511C9204533D600C2E3E8 /* PBXTargetDependency */,
			);
			name = AutumnDemoUITests;
			productName = AutumnDemoUITests;
			productReference = 62E511C7204533D600C2E3E8 /* AutumnDemoUITests.xctest */;
			productType = "com.apple.product-type.bundle.ui-testing";
		};
/* End PBXNativeTarget section */

/* Begin PBXProject section */
		62E511AB204533D600C2E3E8 /* Project object */ = {
			isa = PBXProject;
			attributes = {
				LastSwiftUpdateCheck = 0920;
				LastUpgradeCheck = 0920;
				ORGANIZATIONNAME = Ciathyza;
				TargetAttributes = {
					62E511B2204533D600C2E3E8 = {
						CreatedOnToolsVersion = 9.2;
						ProvisioningStyle = Automatic;
					};
					62E511C6204533D600C2E3E8 = {
						CreatedOnToolsVersion = 9.2;
						ProvisioningStyle = Automatic;
						TestTargetID = 62E511B2204533D600C2E3E8;
					};
				};
			};
			buildConfigurationList = 62E511AE204533D600C2E3E8 /* Build configuration list for PBXProject "AutumnDemo" */;
			compatibilityVersion = "Xcode 8.0";
			developmentRegion = en;
			hasScannedForEncodings = 0;
			knownRegions = (
				en,
				Base,
			);
			mainGroup = 62E511AA204533D600C2E3E8;
			productRefGroup = 62E511B4204533D600C2E3E8 /* Products */;
			projectDirPath = "";
			projectRoot = "";
			targets = (
				62E511B2204533D600C2E3E8 /* AutumnDemo */,
				62E511C6204533D600C2E3E8 /* AutumnDemoUITests */,
			);
		};
/* End PBXProject section */

/* Begin PBXResourcesBuildPhase section */
		62E511B1204533D600C2E3E8 /* Resources */ = {
			isa = PBXResourcesBuildPhase;
			buildActionMask = 2147483647;
			files = (
				62E511C1204533D600C2E3E8 /* LaunchScreen.storyboard in Resources */,
				62E511BE204533D600C2E3E8 /* Assets.xcassets in Resources */,
				62E511BC204533D600C2E3E8 /* Main.storyboard in Resources */,
			);
			runOnlyForDeploymentPostprocessing = 0;
		};
		62E511C5204533D600C2E3E8 /* Resources */ = {
			isa = PBXResourcesBuildPhase;
			buildActionMask = 2147483647;
			files = (
			);
			runOnlyForDeploymentPostprocessing = 0;
		};
/* End PBXResourcesBuildPhase section */

/* Begin PBXShellScriptBuildPhase section */
		090BF9491150ACF327E0FC40 /* [CP] Copy Pods Resources */ = {
			isa = PBXShellScriptBuildPhase;
			buildActionMask = 2147483647;
			files = (
			);
			inputPaths = (
			);
			name = "[CP] Copy Pods Resources";
			outputPaths = (
			);
			runOnlyForDeploymentPostprocessing = 0;
			shellPath = /bin/sh;
			shellScript = "\"${SRCROOT}/../Pods/Target Support Files/Pods-AutumnDemo/Pods-AutumnDemo-resources.sh\"\n";
			showEnvVarsInLog = 0;
		};
		2CC4C2813CCC6ACF3EA74F56 /* [CP] Embed Pods Frameworks */ = {
			isa = PBXShellScriptBuildPhase;
			buildActionMask = 2147483647;
			files = (
			);
			inputPaths = (
			);
			name = "[CP] Embed Pods Frameworks";
			outputPaths = (
			);
			runOnlyForDeploymentPostprocessing = 0;
			shellPath = /bin/sh;
			shellScript = "\"${SRCROOT}/../Pods/Target Support Files/Pods-AutumnDemo/Pods-AutumnDemo-frameworks.sh\"\n";
			showEnvVarsInLog = 0;
		};
		4330BF4ABDE42D0AE0DB7542 /* [CP] Check Pods Manifest.lock */ = {
			isa = PBXShellScriptBuildPhase;
			buildActionMask = 2147483647;
			files = (
			);
			inputPaths = (
			);
			name = "[CP] Check Pods Manifest.lock";
			outputPaths = (
			);
			runOnlyForDeploymentPostprocessing = 0;
			shellPath = /bin/sh;
			shellScript = "diff \"${PODS_PODFILE_DIR_PATH}/Podfile.lock\" \"${PODS_ROOT}/Manifest.lock\" > /dev/null\nif [ $? != 0 ] ; then\n    # print error to STDERR\n    echo \"error: The sandbox is not in sync with the Podfile.lock. Run 'pod install' or update your CocoaPods installation.\" >&2\n    exit 1\nfi\n";
			showEnvVarsInLog = 0;
		};
/* End PBXShellScriptBuildPhase section */

/* Begin PBXSourcesBuildPhase section */
		62E511AF204533D600C2E3E8 /* Sources */ = {
			isa = PBXSourcesBuildPhase;
			buildActionMask = 2147483647;
			files = (
				62E511B9204533D600C2E3E8 /* ViewController.swift in Sources */,
				62E511B7204533D600C2E3E8 /* AppDelegate.swift in Sources */,
				5E4BC61676563650CA778AC0 /* ACI.swift in Sources */,
				5E4BC40FED473BC4F3F004A5 /* MoreStuffViewController.swift in Sources */,
			);
			runOnlyForDeploymentPostprocessing = 0;
		};
		62E511C3204533D600C2E3E8 /* Sources */ = {
			isa = PBXSourcesBuildPhase;
			buildActionMask = 2147483647;
			files = (
				62C8B9992047DDB3008C2096 /* String.swift in Sources */,
				62C8B9A02047DDB3008C2096 /* TimeInterval.swift in Sources */,
				62C8B99C2047DDB3008C2096 /* NSObject.swift in Sources */,
				62C8B9912047DDA7008C2096 /* Metatype.swift in Sources */,
				62C8B9942047DDAC008C2096 /* FrequencyTable.swift in Sources */,
				62C8B9922047DDA7008C2096 /* StopWatch.swift in Sources */,
				62C8B97E2047DD87008C2096 /* AutumnLog.swift in Sources */,
				62C8B9A22047DDB3008C2096 /* UIApplication.swift in Sources */,
				62C8B9982047DDB3008C2096 /* Double.swift in Sources */,
				62C8B97F2047DD87008C2096 /* AutumnEnums.swift in Sources */,
				62C8B9962047DDB3008C2096 /* UInt.swift in Sources */,
				62C8B99F2047DDB3008C2096 /* Dictionary.swift in Sources */,
				62C8B99A2047DDB3008C2096 /* UIView.swift in Sources */,
				62C8B9932047DDAC008C2096 /* SortedArray.swift in Sources */,
				62C8B9972047DDB3008C2096 /* Array.swift in Sources */,
				62C8B99D2047DDB3008C2096 /* UIDevice.swift in Sources */,
				62C8B98C2047DDA7008C2096 /* Log.swift in Sources */,
				62C8B98E2047DDA7008C2096 /* File.swift in Sources */,
				62C8B98F2047DDA7008C2096 /* JSON.swift in Sources */,
				62C8B98A2047DDA1008C2096 /* TextFile.swift in Sources */,
				62C8B9902047DDA7008C2096 /* Interval.swift in Sources */,
				62C8B98D2047DDA7008C2096 /* Dice.swift in Sources */,
				62C8B99B2047DDB3008C2096 /* UIColor.swift in Sources */,
				5E4BC6EABEEA9E6FEFADB9CB /* AutumnDemoUITests.swift in Sources */,
				62C8B9A42047DDE5008C2096 /* Globals.swift in Sources */,
				62C8B9A12047DDB3008C2096 /* CharacterView.swift in Sources */,
				62C8B98B2047DDA1008C2096 /* CSVImporter.swift in Sources */,
				62C8B9A32047DDB3008C2096 /* DispatchTimeInterval.swift in Sources */,
				62C8B9842047DD87008C2096 /* AutumnTelemetry.swift in Sources */,
				62C8B9802047DD87008C2096 /* AutumnTestRunner.swift in Sources */,
				62C8B9872047DD91008C2096 /* AutumnUser.swift in Sources */,
				62C8B9882047DD91008C2096 /* AutumnStats.swift in Sources */,
				62C8B9952047DDB3008C2096 /* Int.swift in Sources */,
				62C8B99E2047DDB3008C2096 /* Encodable.swift in Sources */,
				62C8B9862047DD87008C2096 /* AutumnSessionManager.swift in Sources */,
				5E4BC50AB8F3E378BAFF1C5A /* AutumnUI.swift in Sources */,
				5E4BC0861F18C4EEA1EB044A /* Springboard.swift in Sources */,
				5E4BC71B0954FF7CE66A01C7 /* AutumnSession.swift in Sources */,
				5E4BC4641928BCB676F59283 /* AutumnDemoFeature.swift in Sources */,
				5E4BCEACF29ED1D18F75BC2F /* AutumnDemoViewProxy.swift in Sources */,
				5E4BCF82E5F7F83D527873CC /* AutumnDemoScenarios.swift in Sources */,
				5E4BCAAE96EDBBBD6C46A29A /* AutumnConstants.swift in Sources */,
				5E4BC76625FBD3BB12CA8C60 /* AutumnConfig.swift in Sources */,
				5E4BCE32B89DC6DC6DDB4F2C /* TabularText.swift in Sources */,
				5E4BC05B5FBB8A22E9A37257 /* Regex.swift in Sources */,
				5E4BC54EBC9803DB5BD63666 /* ACI.swift in Sources */,
				5E4BC0F9298F2FDB7E72B45F /* AutumnTestSteps.swift in Sources */,
				5E4BC59D1DA1FA0DF14B1423 /* AutumnFeature.swift in Sources */,
				5E4BC05F07779C2C7395347F /* AutumnScenario.swift in Sources */,
				5E4BCBD4450CF50C2858FEEF /* AutumnTestStep.swift in Sources */,
				5E4BC9BCD0BEF3E74CD6A728 /* AutumnTestStepResult.swift in Sources */,
				5E4BCC3075BE0A2389446F9D /* AutumnViewProxy.swift in Sources */,
			);
			runOnlyForDeploymentPostprocessing = 0;
		};
/* End PBXSourcesBuildPhase section */

/* Begin PBXTargetDependency section */
		62E511C9204533D600C2E3E8 /* PBXTargetDependency */ = {
			isa = PBXTargetDependency;
			target = 62E511B2204533D600C2E3E8 /* AutumnDemo */;
			targetProxy = 62E511C8204533D600C2E3E8 /* PBXContainerItemProxy */;
		};
/* End PBXTargetDependency section */

/* Begin PBXVariantGroup section */
		62E511BA204533D600C2E3E8 /* Main.storyboard */ = {
			isa = PBXVariantGroup;
			children = (
				62E511BB204533D600C2E3E8 /* Base */,
			);
			name = Main.storyboard;
			sourceTree = "<group>";
		};
		62E511BF204533D600C2E3E8 /* LaunchScreen.storyboard */ = {
			isa = PBXVariantGroup;
			children = (
				62E511C0204533D600C2E3E8 /* Base */,
			);
			name = LaunchScreen.storyboard;
			sourceTree = "<group>";
		};
/* End PBXVariantGroup section */

/* Begin XCBuildConfiguration section */
		62E511CE204533D600C2E3E8 /* Debug */ = {
			isa = XCBuildConfiguration;
			buildSettings = {
				ALWAYS_SEARCH_USER_PATHS = NO;
				CLANG_ANALYZER_NONNULL = YES;
				CLANG_ANALYZER_NUMBER_OBJECT_CONVERSION = YES_AGGRESSIVE;
				CLANG_CXX_LANGUAGE_STANDARD = "gnu++14";
				CLANG_CXX_LIBRARY = "libc++";
				CLANG_ENABLE_MODULES = YES;
				CLANG_ENABLE_OBJC_ARC = YES;
				CLANG_WARN_BLOCK_CAPTURE_AUTORELEASING = YES;
				CLANG_WARN_BOOL_CONVERSION = YES;
				CLANG_WARN_COMMA = YES;
				CLANG_WARN_CONSTANT_CONVERSION = YES;
				CLANG_WARN_DIRECT_OBJC_ISA_USAGE = YES_ERROR;
				CLANG_WARN_DOCUMENTATION_COMMENTS = YES;
				CLANG_WARN_EMPTY_BODY = YES;
				CLANG_WARN_ENUM_CONVERSION = YES;
				CLANG_WARN_INFINITE_RECURSION = YES;
				CLANG_WARN_INT_CONVERSION = YES;
				CLANG_WARN_NON_LITERAL_NULL_CONVERSION = YES;
				CLANG_WARN_OBJC_LITERAL_CONVERSION = YES;
				CLANG_WARN_OBJC_ROOT_CLASS = YES_ERROR;
				CLANG_WARN_RANGE_LOOP_ANALYSIS = YES;
				CLANG_WARN_STRICT_PROTOTYPES = YES;
				CLANG_WARN_SUSPICIOUS_MOVE = YES;
				CLANG_WARN_UNGUARDED_AVAILABILITY = YES_AGGRESSIVE;
				CLANG_WARN_UNREACHABLE_CODE = YES;
				CLANG_WARN__DUPLICATE_METHOD_MATCH = YES;
				CODE_SIGN_IDENTITY = "iPhone Developer";
				COPY_PHASE_STRIP = NO;
				DEBUG_INFORMATION_FORMAT = dwarf;
				ENABLE_STRICT_OBJC_MSGSEND = YES;
				ENABLE_TESTABILITY = YES;
				GCC_C_LANGUAGE_STANDARD = gnu11;
				GCC_DYNAMIC_NO_PIC = NO;
				GCC_NO_COMMON_BLOCKS = YES;
				GCC_OPTIMIZATION_LEVEL = 0;
				GCC_PREPROCESSOR_DEFINITIONS = (
					"DEBUG=1",
					"$(inherited)",
				);
				GCC_WARN_64_TO_32_BIT_CONVERSION = YES;
				GCC_WARN_ABOUT_RETURN_TYPE = YES_ERROR;
				GCC_WARN_UNDECLARED_SELECTOR = YES;
				GCC_WARN_UNINITIALIZED_AUTOS = YES_AGGRESSIVE;
				GCC_WARN_UNUSED_FUNCTION = YES;
				GCC_WARN_UNUSED_VARIABLE = YES;
				IPHONEOS_DEPLOYMENT_TARGET = 11.2;
				MTL_ENABLE_DEBUG_INFO = YES;
				ONLY_ACTIVE_ARCH = YES;
				SDKROOT = iphoneos;
				SWIFT_ACTIVE_COMPILATION_CONDITIONS = DEBUG;
				SWIFT_OPTIMIZATION_LEVEL = "-Onone";
			};
			name = Debug;
		};
		62E511CF204533D600C2E3E8 /* Release */ = {
			isa = XCBuildConfiguration;
			buildSettings = {
				ALWAYS_SEARCH_USER_PATHS = NO;
				CLANG_ANALYZER_NONNULL = YES;
				CLANG_ANALYZER_NUMBER_OBJECT_CONVERSION = YES_AGGRESSIVE;
				CLANG_CXX_LANGUAGE_STANDARD = "gnu++14";
				CLANG_CXX_LIBRARY = "libc++";
				CLANG_ENABLE_MODULES = YES;
				CLANG_ENABLE_OBJC_ARC = YES;
				CLANG_WARN_BLOCK_CAPTURE_AUTORELEASING = YES;
				CLANG_WARN_BOOL_CONVERSION = YES;
				CLANG_WARN_COMMA = YES;
				CLANG_WARN_CONSTANT_CONVERSION = YES;
				CLANG_WARN_DIRECT_OBJC_ISA_USAGE = YES_ERROR;
				CLANG_WARN_DOCUMENTATION_COMMENTS = YES;
				CLANG_WARN_EMPTY_BODY = YES;
				CLANG_WARN_ENUM_CONVERSION = YES;
				CLANG_WARN_INFINITE_RECURSION = YES;
				CLANG_WARN_INT_CONVERSION = YES;
				CLANG_WARN_NON_LITERAL_NULL_CONVERSION = YES;
				CLANG_WARN_OBJC_LITERAL_CONVERSION = YES;
				CLANG_WARN_OBJC_ROOT_CLASS = YES_ERROR;
				CLANG_WARN_RANGE_LOOP_ANALYSIS = YES;
				CLANG_WARN_STRICT_PROTOTYPES = YES;
				CLANG_WARN_SUSPICIOUS_MOVE = YES;
				CLANG_WARN_UNGUARDED_AVAILABILITY = YES_AGGRESSIVE;
				CLANG_WARN_UNREACHABLE_CODE = YES;
				CLANG_WARN__DUPLICATE_METHOD_MATCH = YES;
				CODE_SIGN_IDENTITY = "iPhone Developer";
				COPY_PHASE_STRIP = NO;
				DEBUG_INFORMATION_FORMAT = "dwarf-with-dsym";
				ENABLE_NS_ASSERTIONS = NO;
				ENABLE_STRICT_OBJC_MSGSEND = YES;
				GCC_C_LANGUAGE_STANDARD = gnu11;
				GCC_NO_COMMON_BLOCKS = YES;
				GCC_WARN_64_TO_32_BIT_CONVERSION = YES;
				GCC_WARN_ABOUT_RETURN_TYPE = YES_ERROR;
				GCC_WARN_UNDECLARED_SELECTOR = YES;
				GCC_WARN_UNINITIALIZED_AUTOS = YES_AGGRESSIVE;
				GCC_WARN_UNUSED_FUNCTION = YES;
				GCC_WARN_UNUSED_VARIABLE = YES;
				IPHONEOS_DEPLOYMENT_TARGET = 11.2;
				MTL_ENABLE_DEBUG_INFO = NO;
				SDKROOT = iphoneos;
				SWIFT_OPTIMIZATION_LEVEL = "-Owholemodule";
				VALIDATE_PRODUCT = YES;
			};
			name = Release;
		};
		62E511D1204533D600C2E3E8 /* Debug */ = {
			isa = XCBuildConfiguration;
			baseConfigurationReference = 0A95E3B716FA2BAC0F5C8336 /* Pods-AutumnDemo.debug.xcconfig */;
			buildSettings = {
				ASSETCATALOG_COMPILER_APPICON_NAME = AppIcon;
				CODE_SIGN_STYLE = Automatic;
				DEVELOPMENT_TEAM = BTBN49W3GE;
				INFOPLIST_FILE = AutumnDemo/Info.plist;
				LD_RUNPATH_SEARCH_PATHS = "$(inherited) @executable_path/Frameworks";
				PRODUCT_BUNDLE_IDENTIFIER = com.ciathyza.AutumnDemo;
				PRODUCT_NAME = "$(TARGET_NAME)";
				SWIFT_VERSION = 4.0;
				TARGETED_DEVICE_FAMILY = "1,2";
			};
			name = Debug;
		};
		62E511D2204533D600C2E3E8 /* Release */ = {
			isa = XCBuildConfiguration;
			baseConfigurationReference = 2871AC22C849266DF678EF78 /* Pods-AutumnDemo.release.xcconfig */;
			buildSettings = {
				ASSETCATALOG_COMPILER_APPICON_NAME = AppIcon;
				CODE_SIGN_STYLE = Automatic;
				DEVELOPMENT_TEAM = BTBN49W3GE;
				INFOPLIST_FILE = AutumnDemo/Info.plist;
				LD_RUNPATH_SEARCH_PATHS = "$(inherited) @executable_path/Frameworks";
				PRODUCT_BUNDLE_IDENTIFIER = com.ciathyza.AutumnDemo;
				PRODUCT_NAME = "$(TARGET_NAME)";
				SWIFT_VERSION = 4.0;
				TARGETED_DEVICE_FAMILY = "1,2";
			};
			name = Release;
		};
		62E511D4204533D600C2E3E8 /* Debug */ = {
			isa = XCBuildConfiguration;
			buildSettings = {
				ALWAYS_EMBED_SWIFT_STANDARD_LIBRARIES = YES;
				CODE_SIGN_STYLE = Automatic;
				DEVELOPMENT_TEAM = BTBN49W3GE;
				FRAMEWORK_SEARCH_PATHS = "$(PLATFORM_DIR)/Developer/Library/Frameworks";
				INFOPLIST_FILE = AutumnDemoUITests/Info.plist;
				LD_RUNPATH_SEARCH_PATHS = "$(inherited) @executable_path/Frameworks @loader_path/Frameworks";
				PRODUCT_BUNDLE_IDENTIFIER = com.ciathyza.AutumnDemoUITests;
				PRODUCT_NAME = "$(TARGET_NAME)";
				SWIFT_VERSION = 4.0;
				TARGETED_DEVICE_FAMILY = "1,2";
				TEST_TARGET_NAME = AutumnDemo;
			};
			name = Debug;
		};
		62E511D5204533D600C2E3E8 /* Release */ = {
			isa = XCBuildConfiguration;
			buildSettings = {
				ALWAYS_EMBED_SWIFT_STANDARD_LIBRARIES = YES;
				CODE_SIGN_STYLE = Automatic;
				DEVELOPMENT_TEAM = BTBN49W3GE;
				FRAMEWORK_SEARCH_PATHS = "$(PLATFORM_DIR)/Developer/Library/Frameworks";
				INFOPLIST_FILE = AutumnDemoUITests/Info.plist;
				LD_RUNPATH_SEARCH_PATHS = "$(inherited) @executable_path/Frameworks @loader_path/Frameworks";
				PRODUCT_BUNDLE_IDENTIFIER = com.ciathyza.AutumnDemoUITests;
				PRODUCT_NAME = "$(TARGET_NAME)";
				SWIFT_VERSION = 4.0;
				TARGETED_DEVICE_FAMILY = "1,2";
				TEST_TARGET_NAME = AutumnDemo;
			};
			name = Release;
		};
/* End XCBuildConfiguration section */

/* Begin XCConfigurationList section */
		62E511AE204533D600C2E3E8 /* Build configuration list for PBXProject "AutumnDemo" */ = {
			isa = XCConfigurationList;
			buildConfigurations = (
				62E511CE204533D600C2E3E8 /* Debug */,
				62E511CF204533D600C2E3E8 /* Release */,
			);
			defaultConfigurationIsVisible = 0;
			defaultConfigurationName = Release;
		};
		62E511D0204533D600C2E3E8 /* Build configuration list for PBXNativeTarget "AutumnDemo" */ = {
			isa = XCConfigurationList;
			buildConfigurations = (
				62E511D1204533D600C2E3E8 /* Debug */,
				62E511D2204533D600C2E3E8 /* Release */,
			);
			defaultConfigurationIsVisible = 0;
			defaultConfigurationName = Release;
		};
		62E511D3204533D600C2E3E8 /* Build configuration list for PBXNativeTarget "AutumnDemoUITests" */ = {
			isa = XCConfigurationList;
			buildConfigurations = (
				62E511D4204533D600C2E3E8 /* Debug */,
				62E511D5204533D600C2E3E8 /* Release */,
			);
			defaultConfigurationIsVisible = 0;
			defaultConfigurationName = Release;
		};
/* End XCConfigurationList section */
	};
	rootObject = 62E511AB204533D600C2E3E8 /* Project object */;
}
