// !$*UTF8*$!
{
	archiveVersion = 1;
	classes = {
	};
	objectVersion = 48;
	objects = {

/* Begin PBXBuildFile section */
		27B95ED8496EAB39A05C8344 /* Pods_AutumnDemo.framework in Frameworks */ = {isa = PBXBuildFile; fileRef = 9AD752BEA628451EA64C80F0 /* Pods_AutumnDemo.framework */; };
		62E511B7204533D600C2E3E8 /* AppDelegate.swift in Sources */ = {isa = PBXBuildFile; fileRef = 62E511B6204533D600C2E3E8 /* AppDelegate.swift */; };
		62E511B9204533D600C2E3E8 /* ViewController.swift in Sources */ = {isa = PBXBuildFile; fileRef = 62E511B8204533D600C2E3E8 /* ViewController.swift */; };
		62E511BC204533D600C2E3E8 /* Main.storyboard in Resources */ = {isa = PBXBuildFile; fileRef = 62E511BA204533D600C2E3E8 /* Main.storyboard */; };
		62E511BE204533D600C2E3E8 /* Assets.xcassets in Resources */ = {isa = PBXBuildFile; fileRef = 62E511BD204533D600C2E3E8 /* Assets.xcassets */; };
		62E511C1204533D600C2E3E8 /* LaunchScreen.storyboard in Resources */ = {isa = PBXBuildFile; fileRef = 62E511BF204533D600C2E3E8 /* LaunchScreen.storyboard */; };
		62E511CC204533D600C2E3E8 /* AutumnDemoUITests.swift in Sources */ = {isa = PBXBuildFile; fileRef = 62E511CB204533D600C2E3E8 /* AutumnDemoUITests.swift */; };
/* End PBXBuildFile section */

/* Begin PBXContainerItemProxy section */
		62E511C8204533D600C2E3E8 /* PBXContainerItemProxy */ = {
			isa = PBXContainerItemProxy;
			containerPortal = 62E511AB204533D600C2E3E8 /* Project object */;
			proxyType = 1;
			remoteGlobalIDString = 62E511B2204533D600C2E3E8;
			remoteInfo = AutumnDemo;
		};
/* End PBXContainerItemProxy section */

/* Begin PBXFileReference section */
		0A95E3B716FA2BAC0F5C8336 /* Pods-AutumnDemo.debug.xcconfig */ = {isa = PBXFileReference; includeInIndex = 1; lastKnownFileType = text.xcconfig; name = "Pods-AutumnDemo.debug.xcconfig"; path = "../Pods/Target Support Files/Pods-AutumnDemo/Pods-AutumnDemo.debug.xcconfig"; sourceTree = "<group>"; };
		2871AC22C849266DF678EF78 /* Pods-AutumnDemo.release.xcconfig */ = {isa = PBXFileReference; includeInIndex = 1; lastKnownFileType = text.xcconfig; name = "Pods-AutumnDemo.release.xcconfig"; path = "../Pods/Target Support Files/Pods-AutumnDemo/Pods-AutumnDemo.release.xcconfig"; sourceTree = "<group>"; };
		627DAAF62046786B00C08EF1 /* XCTest.framework */ = {isa = PBXFileReference; lastKnownFileType = wrapper.framework; name = XCTest.framework; path = Platforms/iPhoneOS.platform/Developer/Library/Frameworks/XCTest.framework; sourceTree = DEVELOPER_DIR; };
		62E511B3204533D600C2E3E8 /* AutumnDemo.app */ = {isa = PBXFileReference; explicitFileType = wrapper.application; includeInIndex = 0; path = AutumnDemo.app; sourceTree = BUILT_PRODUCTS_DIR; };
		62E511B6204533D600C2E3E8 /* AppDelegate.swift */ = {isa = PBXFileReference; lastKnownFileType = sourcecode.swift; path = AppDelegate.swift; sourceTree = "<group>"; };
		62E511B8204533D600C2E3E8 /* ViewController.swift */ = {isa = PBXFileReference; lastKnownFileType = sourcecode.swift; path = ViewController.swift; sourceTree = "<group>"; };
		62E511BB204533D600C2E3E8 /* Base */ = {isa = PBXFileReference; lastKnownFileType = file.storyboard; name = Base; path = Base.lproj/Main.storyboard; sourceTree = "<group>"; };
		62E511BD204533D600C2E3E8 /* Assets.xcassets */ = {isa = PBXFileReference; lastKnownFileType = folder.assetcatalog; path = Assets.xcassets; sourceTree = "<group>"; };
		62E511C0204533D600C2E3E8 /* Base */ = {isa = PBXFileReference; lastKnownFileType = file.storyboard; name = Base; path = Base.lproj/LaunchScreen.storyboard; sourceTree = "<group>"; };
		62E511C2204533D600C2E3E8 /* Info.plist */ = {isa = PBXFileReference; lastKnownFileType = text.plist.xml; path = Info.plist; sourceTree = "<group>"; };
		62E511C7204533D600C2E3E8 /* AutumnDemoUITests.xctest */ = {isa = PBXFileReference; explicitFileType = wrapper.cfbundle; includeInIndex = 0; path = AutumnDemoUITests.xctest; sourceTree = BUILT_PRODUCTS_DIR; };
		62E511CB204533D600C2E3E8 /* AutumnDemoUITests.swift */ = {isa = PBXFileReference; lastKnownFileType = sourcecode.swift; path = AutumnDemoUITests.swift; sourceTree = "<group>"; };
		62E511CD204533D600C2E3E8 /* Info.plist */ = {isa = PBXFileReference; lastKnownFileType = text.plist.xml; path = Info.plist; sourceTree = "<group>"; };
		9AD752BEA628451EA64C80F0 /* Pods_AutumnDemo.framework */ = {isa = PBXFileReference; explicitFileType = wrapper.framework; includeInIndex = 0; path = Pods_AutumnDemo.framework; sourceTree = BUILT_PRODUCTS_DIR; };
/* End PBXFileReference section */

/* Begin PBXFrameworksBuildPhase section */
		62E511B0204533D600C2E3E8 /* Frameworks */ = {
			isa = PBXFrameworksBuildPhase;
			buildActionMask = 2147483647;
			files = (
				27B95ED8496EAB39A05C8344 /* Pods_AutumnDemo.framework in Frameworks */,
			);
			runOnlyForDeploymentPostprocessing = 0;
		};
		62E511C4204533D600C2E3E8 /* Frameworks */ = {
			isa = PBXFrameworksBuildPhase;
			buildActionMask = 2147483647;
			files = (
			);
			runOnlyForDeploymentPostprocessing = 0;
		};
/* End PBXFrameworksBuildPhase section */

/* Begin PBXGroup section */
		0019C752FF0ECFEFF6A3AF29 /* Pods */ = {
			isa = PBXGroup;
			children = (
				0A95E3B716FA2BAC0F5C8336 /* Pods-AutumnDemo.debug.xcconfig */,
				2871AC22C849266DF678EF78 /* Pods-AutumnDemo.release.xcconfig */,
			);
			name = Pods;
			sourceTree = "<group>";
		};
		62E511AA204533D600C2E3E8 = {
			isa = PBXGroup;
			children = (
				62E511B5204533D600C2E3E8 /* AutumnDemo */,
				62E511CA204533D600C2E3E8 /* AutumnDemoUITests */,
				62E511B4204533D600C2E3E8 /* Products */,
				0019C752FF0ECFEFF6A3AF29 /* Pods */,
				9A418E369A95E862D1C70954 /* Frameworks */,
			);
			sourceTree = "<group>";
		};
		62E511B4204533D600C2E3E8 /* Products */ = {
			isa = PBXGroup;
			children = (
				62E511B3204533D600C2E3E8 /* AutumnDemo.app */,
				62E511C7204533D600C2E3E8 /* AutumnDemoUITests.xctest */,
			);
			name = Products;
			sourceTree = "<group>";
		};
		62E511B5204533D600C2E3E8 /* AutumnDemo */ = {
			isa = PBXGroup;
			children = (
				62E511C2204533D600C2E3E8 /* Info.plist */,
				62E511EC2045342200C2E3E8 /* Assets */,
				62E511EB2045341800C2E3E8 /* Source */,
				62E511ED2045342900C2E3E8 /* Storyboards */,
			);
			path = AutumnDemo;
			sourceTree = "<group>";
		};
		62E511CA204533D600C2E3E8 /* AutumnDemoUITests */ = {
			isa = PBXGroup;
			children = (
				62E511CD204533D600C2E3E8 /* Info.plist */,
				62E511EF2045349A00C2E3E8 /* Assets */,
				62E511EE2045349400C2E3E8 /* Source */,
			);
			path = AutumnDemoUITests;
			sourceTree = "<group>";
		};
		62E511EB2045341800C2E3E8 /* Source */ = {
			isa = PBXGroup;
			children = (
				62E511B6204533D600C2E3E8 /* AppDelegate.swift */,
				62E511B8204533D600C2E3E8 /* ViewController.swift */,
			);
			path = Source;
			sourceTree = "<group>";
		};
		62E511EC2045342200C2E3E8 /* Assets */ = {
			isa = PBXGroup;
			children = (
				62E511BD204533D600C2E3E8 /* Assets.xcassets */,
			);
			path = Assets;
			sourceTree = "<group>";
		};
		62E511ED2045342900C2E3E8 /* Storyboards */ = {
			isa = PBXGroup;
			children = (
				62E511BA204533D600C2E3E8 /* Main.storyboard */,
				62E511BF204533D600C2E3E8 /* LaunchScreen.storyboard */,
			);
			path = Storyboards;
			sourceTree = "<group>";
		};
		62E511EE2045349400C2E3E8 /* Source */ = {
			isa = PBXGroup;
			children = (
				62E511CB204533D600C2E3E8 /* AutumnDemoUITests.swift */,
			);
			path = Source;
			sourceTree = "<group>";
		};
		62E511EF2045349A00C2E3E8 /* Assets */ = {
			isa = PBXGroup;
			children = (
			);
			path = Assets;
			sourceTree = "<group>";
		};
		9A418E369A95E862D1C70954 /* Frameworks */ = {
			isa = PBXGroup;
			children = (
				627DAAF62046786B00C08EF1 /* XCTest.framework */,
				9AD752BEA628451EA64C80F0 /* Pods_AutumnDemo.framework */,
			);
			name = Frameworks;
			sourceTree = "<group>";
		};
/* End PBXGroup section */

/* Begin PBXNativeTarget section */
		62E511B2204533D600C2E3E8 /* AutumnDemo */ = {
			isa = PBXNativeTarget;
			buildConfigurationList = 62E511D0204533D600C2E3E8 /* Build configuration list for PBXNativeTarget "AutumnDemo" */;
			buildPhases = (
				4330BF4ABDE42D0AE0DB7542 /* [CP] Check Pods Manifest.lock */,
				62E511AF204533D600C2E3E8 /* Sources */,
				62E511B0204533D600C2E3E8 /* Frameworks */,
				62E511B1204533D600C2E3E8 /* Resources */,
				2CC4C2813CCC6ACF3EA74F56 /* [CP] Embed Pods Frameworks */,
				090BF9491150ACF327E0FC40 /* [CP] Copy Pods Resources */,
			);
			buildRules = (
			);
			dependencies = (
			);
			name = AutumnDemo;
			productName = AutumnDemo;
			productReference = 62E511B3204533D600C2E3E8 /* AutumnDemo.app */;
			productType = "com.apple.product-type.application";
		};
		62E511C6204533D600C2E3E8 /* AutumnDemoUITests */ = {
			isa = PBXNativeTarget;
			buildConfigurationList = 62E511D3204533D600C2E3E8 /* Build configuration list for PBXNativeTarget "AutumnDemoUITests" */;
			buildPhases = (
				62E511C3204533D600C2E3E8 /* Sources */,
				62E511C4204533D600C2E3E8 /* Frameworks */,
				62E511C5204533D600C2E3E8 /* Resources */,
			);
			buildRules = (
			);
			dependencies = (
				62E511C9204533D600C2E3E8 /* PBXTargetDependency */,
			);
			name = AutumnDemoUITests;
			productName = AutumnDemoUITests;
			productReference = 62E511C7204533D600C2E3E8 /* AutumnDemoUITests.xctest */;
			productType = "com.apple.product-type.bundle.ui-testing";
		};
/* End PBXNativeTarget section */

/* Begin PBXProject section */
		62E511AB204533D600C2E3E8 /* Project object */ = {
			isa = PBXProject;
			attributes = {
				LastSwiftUpdateCheck = 0920;
				LastUpgradeCheck = 0920;
				ORGANIZATIONNAME = Ciathyza;
				TargetAttributes = {
					62E511B2204533D600C2E3E8 = {
						CreatedOnToolsVersion = 9.2;
						ProvisioningStyle = Automatic;
					};
					62E511C6204533D600C2E3E8 = {
						CreatedOnToolsVersion = 9.2;
						ProvisioningStyle = Automatic;
						TestTargetID = 62E511B2204533D600C2E3E8;
					};
				};
			};
			buildConfigurationList = 62E511AE204533D600C2E3E8 /* Build configuration list for PBXProject "AutumnDemo" */;
			compatibilityVersion = "Xcode 8.0";
			developmentRegion = en;
			hasScannedForEncodings = 0;
			knownRegions = (
				en,
				Base,
			);
			mainGroup = 62E511AA204533D600C2E3E8;
			productRefGroup = 62E511B4204533D600C2E3E8 /* Products */;
			projectDirPath = "";
			projectRoot = "";
			targets = (
				62E511B2204533D600C2E3E8 /* AutumnDemo */,
				62E511C6204533D600C2E3E8 /* AutumnDemoUITests */,
			);
		};
/* End PBXProject section */

/* Begin PBXResourcesBuildPhase section */
		62E511B1204533D600C2E3E8 /* Resources */ = {
			isa = PBXResourcesBuildPhase;
			buildActionMask = 2147483647;
			files = (
				62E511C1204533D600C2E3E8 /* LaunchScreen.storyboard in Resources */,
				62E511BE204533D600C2E3E8 /* Assets.xcassets in Resources */,
				62E511BC204533D600C2E3E8 /* Main.storyboard in Resources */,
			);
			runOnlyForDeploymentPostprocessing = 0;
		};
		62E511C5204533D600C2E3E8 /* Resources */ = {
			isa = PBXResourcesBuildPhase;
			buildActionMask = 2147483647;
			files = (
			);
			runOnlyForDeploymentPostprocessing = 0;
		};
/* End PBXResourcesBuildPhase section */

/* Begin PBXShellScriptBuildPhase section */
		090BF9491150ACF327E0FC40 /* [CP] Copy Pods Resources */ = {
			isa = PBXShellScriptBuildPhase;
			buildActionMask = 2147483647;
			files = (
			);
			inputPaths = (
			);
			name = "[CP] Copy Pods Resources";
			outputPaths = (
			);
			runOnlyForDeploymentPostprocessing = 0;
			shellPath = /bin/sh;
			shellScript = "\"${SRCROOT}/../Pods/Target Support Files/Pods-AutumnDemo/Pods-AutumnDemo-resources.sh\"\n";
			showEnvVarsInLog = 0;
		};
		2CC4C2813CCC6ACF3EA74F56 /* [CP] Embed Pods Frameworks */ = {
			isa = PBXShellScriptBuildPhase;
			buildActionMask = 2147483647;
			files = (
			);
			inputPaths = (
			);
			name = "[CP] Embed Pods Frameworks";
			outputPaths = (
			);
			runOnlyForDeploymentPostprocessing = 0;
			shellPath = /bin/sh;
			shellScript = "\"${SRCROOT}/../Pods/Target Support Files/Pods-AutumnDemo/Pods-AutumnDemo-frameworks.sh\"\n";
			showEnvVarsInLog = 0;
		};
		4330BF4ABDE42D0AE0DB7542 /* [CP] Check Pods Manifest.lock */ = {
			isa = PBXShellScriptBuildPhase;
			buildActionMask = 2147483647;
			files = (
			);
			inputPaths = (
			);
			name = "[CP] Check Pods Manifest.lock";
			outputPaths = (
			);
			runOnlyForDeploymentPostprocessing = 0;
			shellPath = /bin/sh;
			shellScript = "diff \"${PODS_PODFILE_DIR_PATH}/Podfile.lock\" \"${PODS_ROOT}/Manifest.lock\" > /dev/null\nif [ $? != 0 ] ; then\n    # print error to STDERR\n    echo \"error: The sandbox is not in sync with the Podfile.lock. Run 'pod install' or update your CocoaPods installation.\" >&2\n    exit 1\nfi\n";
			showEnvVarsInLog = 0;
		};
/* End PBXShellScriptBuildPhase section */

/* Begin PBXSourcesBuildPhase section */
		62E511AF204533D600C2E3E8 /* Sources */ = {
			isa = PBXSourcesBuildPhase;
			buildActionMask = 2147483647;
			files = (
				62E511B9204533D600C2E3E8 /* ViewController.swift in Sources */,
				62E511B7204533D600C2E3E8 /* AppDelegate.swift in Sources */,
			);
			runOnlyForDeploymentPostprocessing = 0;
		};
		62E511C3204533D600C2E3E8 /* Sources */ = {
			isa = PBXSourcesBuildPhase;
			buildActionMask = 2147483647;
			files = (
				62E511CC204533D600C2E3E8 /* AutumnDemoUITests.swift in Sources */,
			);
			runOnlyForDeploymentPostprocessing = 0;
		};
/* End PBXSourcesBuildPhase section */

/* Begin PBXTargetDependency section */
		62E511C9204533D600C2E3E8 /* PBXTargetDependency */ = {
			isa = PBXTargetDependency;
			target = 62E511B2204533D600C2E3E8 /* AutumnDemo */;
			targetProxy = 62E511C8204533D600C2E3E8 /* PBXContainerItemProxy */;
		};
/* End PBXTargetDependency section */

/* Begin PBXVariantGroup section */
		62E511BA204533D600C2E3E8 /* Main.storyboard */ = {
			isa = PBXVariantGroup;
			children = (
				62E511BB204533D600C2E3E8 /* Base */,
			);
			name = Main.storyboard;
			sourceTree = "<group>";
		};
		62E511BF204533D600C2E3E8 /* LaunchScreen.storyboard */ = {
			isa = PBXVariantGroup;
			children = (
				62E511C0204533D600C2E3E8 /* Base */,
			);
			name = LaunchScreen.storyboard;
			sourceTree = "<group>";
		};
/* End PBXVariantGroup section */

/* Begin XCBuildConfiguration section */
		62E511CE204533D600C2E3E8 /* Debug */ = {
			isa = XCBuildConfiguration;
			buildSettings = {
				ALWAYS_SEARCH_USER_PATHS = NO;
				CLANG_ANALYZER_NONNULL = YES;
				CLANG_ANALYZER_NUMBER_OBJECT_CONVERSION = YES_AGGRESSIVE;
				CLANG_CXX_LANGUAGE_STANDARD = "gnu++14";
				CLANG_CXX_LIBRARY = "libc++";
				CLANG_ENABLE_MODULES = YES;
				CLANG_ENABLE_OBJC_ARC = YES;
				CLANG_WARN_BLOCK_CAPTURE_AUTORELEASING = YES;
				CLANG_WARN_BOOL_CONVERSION = YES;
				CLANG_WARN_COMMA = YES;
				CLANG_WARN_CONSTANT_CONVERSION = YES;
				CLANG_WARN_DIRECT_OBJC_ISA_USAGE = YES_ERROR;
				CLANG_WARN_DOCUMENTATION_COMMENTS = YES;
				CLANG_WARN_EMPTY_BODY = YES;
				CLANG_WARN_ENUM_CONVERSION = YES;
				CLANG_WARN_INFINITE_RECURSION = YES;
				CLANG_WARN_INT_CONVERSION = YES;
				CLANG_WARN_NON_LITERAL_NULL_CONVERSION = YES;
				CLANG_WARN_OBJC_LITERAL_CONVERSION = YES;
				CLANG_WARN_OBJC_ROOT_CLASS = YES_ERROR;
				CLANG_WARN_RANGE_LOOP_ANALYSIS = YES;
				CLANG_WARN_STRICT_PROTOTYPES = YES;
				CLANG_WARN_SUSPICIOUS_MOVE = YES;
				CLANG_WARN_UNGUARDED_AVAILABILITY = YES_AGGRESSIVE;
				CLANG_WARN_UNREACHABLE_CODE = YES;
				CLANG_WARN__DUPLICATE_METHOD_MATCH = YES;
				CODE_SIGN_IDENTITY = "iPhone Developer";
				COPY_PHASE_STRIP = NO;
				DEBUG_INFORMATION_FORMAT = dwarf;
				ENABLE_STRICT_OBJC_MSGSEND = YES;
				ENABLE_TESTABILITY = YES;
				GCC_C_LANGUAGE_STANDARD = gnu11;
				GCC_DYNAMIC_NO_PIC = NO;
				GCC_NO_COMMON_BLOCKS = YES;
				GCC_OPTIMIZATION_LEVEL = 0;
				GCC_PREPROCESSOR_DEFINITIONS = (
					"DEBUG=1",
					"$(inherited)",
				);
				GCC_WARN_64_TO_32_BIT_CONVERSION = YES;
				GCC_WARN_ABOUT_RETURN_TYPE = YES_ERROR;
				GCC_WARN_UNDECLARED_SELECTOR = YES;
				GCC_WARN_UNINITIALIZED_AUTOS = YES_AGGRESSIVE;
				GCC_WARN_UNUSED_FUNCTION = YES;
				GCC_WARN_UNUSED_VARIABLE = YES;
				IPHONEOS_DEPLOYMENT_TARGET = 11.2;
				MTL_ENABLE_DEBUG_INFO = YES;
				ONLY_ACTIVE_ARCH = YES;
				SDKROOT = iphoneos;
				SWIFT_ACTIVE_COMPILATION_CONDITIONS = DEBUG;
				SWIFT_OPTIMIZATION_LEVEL = "-Onone";
			};
			name = Debug;
		};
		62E511CF204533D600C2E3E8 /* Release */ = {
			isa = XCBuildConfiguration;
			buildSettings = {
				ALWAYS_SEARCH_USER_PATHS = NO;
				CLANG_ANALYZER_NONNULL = YES;
				CLANG_ANALYZER_NUMBER_OBJECT_CONVERSION = YES_AGGRESSIVE;
				CLANG_CXX_LANGUAGE_STANDARD = "gnu++14";
				CLANG_CXX_LIBRARY = "libc++";
				CLANG_ENABLE_MODULES = YES;
				CLANG_ENABLE_OBJC_ARC = YES;
				CLANG_WARN_BLOCK_CAPTURE_AUTORELEASING = YES;
				CLANG_WARN_BOOL_CONVERSION = YES;
				CLANG_WARN_COMMA = YES;
				CLANG_WARN_CONSTANT_CONVERSION = YES;
				CLANG_WARN_DIRECT_OBJC_ISA_USAGE = YES_ERROR;
				CLANG_WARN_DOCUMENTATION_COMMENTS = YES;
				CLANG_WARN_EMPTY_BODY = YES;
				CLANG_WARN_ENUM_CONVERSION = YES;
				CLANG_WARN_INFINITE_RECURSION = YES;
				CLANG_WARN_INT_CONVERSION = YES;
				CLANG_WARN_NON_LITERAL_NULL_CONVERSION = YES;
				CLANG_WARN_OBJC_LITERAL_CONVERSION = YES;
				CLANG_WARN_OBJC_ROOT_CLASS = YES_ERROR;
				CLANG_WARN_RANGE_LOOP_ANALYSIS = YES;
				CLANG_WARN_STRICT_PROTOTYPES = YES;
				CLANG_WARN_SUSPICIOUS_MOVE = YES;
				CLANG_WARN_UNGUARDED_AVAILABILITY = YES_AGGRESSIVE;
				CLANG_WARN_UNREACHABLE_CODE = YES;
				CLANG_WARN__DUPLICATE_METHOD_MATCH = YES;
				CODE_SIGN_IDENTITY = "iPhone Developer";
				COPY_PHASE_STRIP = NO;
				DEBUG_INFORMATION_FORMAT = "dwarf-with-dsym";
				ENABLE_NS_ASSERTIONS = NO;
				ENABLE_STRICT_OBJC_MSGSEND = YES;
				GCC_C_LANGUAGE_STANDARD = gnu11;
				GCC_NO_COMMON_BLOCKS = YES;
				GCC_WARN_64_TO_32_BIT_CONVERSION = YES;
				GCC_WARN_ABOUT_RETURN_TYPE = YES_ERROR;
				GCC_WARN_UNDECLARED_SELECTOR = YES;
				GCC_WARN_UNINITIALIZED_AUTOS = YES_AGGRESSIVE;
				GCC_WARN_UNUSED_FUNCTION = YES;
				GCC_WARN_UNUSED_VARIABLE = YES;
				IPHONEOS_DEPLOYMENT_TARGET = 11.2;
				MTL_ENABLE_DEBUG_INFO = NO;
				SDKROOT = iphoneos;
				SWIFT_OPTIMIZATION_LEVEL = "-Owholemodule";
				VALIDATE_PRODUCT = YES;
			};
			name = Release;
		};
		62E511D1204533D600C2E3E8 /* Debug */ = {
			isa = XCBuildConfiguration;
			baseConfigurationReference = 0A95E3B716FA2BAC0F5C8336 /* Pods-AutumnDemo.debug.xcconfig */;
			buildSettings = {
				ASSETCATALOG_COMPILER_APPICON_NAME = AppIcon;
				CODE_SIGN_STYLE = Automatic;
				DEVELOPMENT_TEAM = BTBN49W3GE;
				INFOPLIST_FILE = AutumnDemo/Info.plist;
				LD_RUNPATH_SEARCH_PATHS = "$(inherited) @executable_path/Frameworks";
				PRODUCT_BUNDLE_IDENTIFIER = com.ciathyza.AutumnDemo;
				PRODUCT_NAME = "$(TARGET_NAME)";
				SWIFT_VERSION = 4.0;
				TARGETED_DEVICE_FAMILY = "1,2";
			};
			name = Debug;
		};
		62E511D2204533D600C2E3E8 /* Release */ = {
			isa = XCBuildConfiguration;
			baseConfigurationReference = 2871AC22C849266DF678EF78 /* Pods-AutumnDemo.release.xcconfig */;
			buildSettings = {
				ASSETCATALOG_COMPILER_APPICON_NAME = AppIcon;
				CODE_SIGN_STYLE = Automatic;
				DEVELOPMENT_TEAM = BTBN49W3GE;
				INFOPLIST_FILE = AutumnDemo/Info.plist;
				LD_RUNPATH_SEARCH_PATHS = "$(inherited) @executable_path/Frameworks";
				PRODUCT_BUNDLE_IDENTIFIER = com.ciathyza.AutumnDemo;
				PRODUCT_NAME = "$(TARGET_NAME)";
				SWIFT_VERSION = 4.0;
				TARGETED_DEVICE_FAMILY = "1,2";
			};
			name = Release;
		};
		62E511D4204533D600C2E3E8 /* Debug */ = {
			isa = XCBuildConfiguration;
			buildSettings = {
				ALWAYS_EMBED_SWIFT_STANDARD_LIBRARIES = YES;
				CODE_SIGN_STYLE = Automatic;
				DEVELOPMENT_TEAM = BTBN49W3GE;
				FRAMEWORK_SEARCH_PATHS = "$(PLATFORM_DIR)/Developer/Library/Frameworks";
				INFOPLIST_FILE = AutumnDemoUITests/Info.plist;
				LD_RUNPATH_SEARCH_PATHS = "$(inherited) @executable_path/Frameworks @loader_path/Frameworks";
				PRODUCT_BUNDLE_IDENTIFIER = com.ciathyza.AutumnDemoUITests;
				PRODUCT_NAME = "$(TARGET_NAME)";
				SWIFT_VERSION = 4.0;
				TARGETED_DEVICE_FAMILY = "1,2";
				TEST_TARGET_NAME = AutumnDemo;
			};
			name = Debug;
		};
		62E511D5204533D600C2E3E8 /* Release */ = {
			isa = XCBuildConfiguration;
			buildSettings = {
				ALWAYS_EMBED_SWIFT_STANDARD_LIBRARIES = YES;
				CODE_SIGN_STYLE = Automatic;
				DEVELOPMENT_TEAM = BTBN49W3GE;
				FRAMEWORK_SEARCH_PATHS = "$(PLATFORM_DIR)/Developer/Library/Frameworks";
				INFOPLIST_FILE = AutumnDemoUITests/Info.plist;
				LD_RUNPATH_SEARCH_PATHS = "$(inherited) @executable_path/Frameworks @loader_path/Frameworks";
				PRODUCT_BUNDLE_IDENTIFIER = com.ciathyza.AutumnDemoUITests;
				PRODUCT_NAME = "$(TARGET_NAME)";
				SWIFT_VERSION = 4.0;
				TARGETED_DEVICE_FAMILY = "1,2";
				TEST_TARGET_NAME = AutumnDemo;
			};
			name = Release;
		};
/* End XCBuildConfiguration section */

/* Begin XCConfigurationList section */
		62E511AE204533D600C2E3E8 /* Build configuration list for PBXProject "AutumnDemo" */ = {
			isa = XCConfigurationList;
			buildConfigurations = (
				62E511CE204533D600C2E3E8 /* Debug */,
				62E511CF204533D600C2E3E8 /* Release */,
			);
			defaultConfigurationIsVisible = 0;
			defaultConfigurationName = Release;
		};
		62E511D0204533D600C2E3E8 /* Build configuration list for PBXNativeTarget "AutumnDemo" */ = {
			isa = XCConfigurationList;
			buildConfigurations = (
				62E511D1204533D600C2E3E8 /* Debug */,
				62E511D2204533D600C2E3E8 /* Release */,
			);
			defaultConfigurationIsVisible = 0;
			defaultConfigurationName = Release;
		};
		62E511D3204533D600C2E3E8 /* Build configuration list for PBXNativeTarget "AutumnDemoUITests" */ = {
			isa = XCConfigurationList;
			buildConfigurations = (
				62E511D4204533D600C2E3E8 /* Debug */,
				62E511D5204533D600C2E3E8 /* Release */,
			);
			defaultConfigurationIsVisible = 0;
			defaultConfigurationName = Release;
		};
/* End XCConfigurationList section */
	};
	rootObject = 62E511AB204533D600C2E3E8 /* Project object */;
}
