<?xml version="1.0" encoding="UTF-8"?>
<Scheme
   version = "1.3">
   <BuildAction>
      <BuildActionEntries>
         <BuildActionEntry
            buildForRunning = "YES"
            buildForTesting = "YES">
            <BuildableReference
               BuildableIdentifier = "primary"
               BlueprintIdentifier = "62E511C6204533D600C2E3E8"
               BuildableName = "AutumnDemoUITests.xctest"
               BlueprintName = "AutumnDemoUITests"
               ReferencedContainer = "container:AutumnDemo.xcodeproj">
            </BuildableReference>
         </BuildActionEntry>
      </BuildActionEntries>
   </BuildAction>
   <TestAction
      buildConfiguration = "Debug">
      <Testables>
         <TestableReference>
            <BuildableReference
               BuildableIdentifier = "primary"
               BlueprintIdentifier = "62E511C6204533D600C2E3E8"
               BuildableName = "AutumnDemoUITests.xctest"
               BlueprintName = "AutumnDemoUITests"
               ReferencedContainer = "container:AutumnDemo.xcodeproj">
            </BuildableReference>
            <SkippedTests>
               <Test
                  Identifier = "AutumnSetup">
               </Test>
            </SkippedTests>
         </TestableReference>
      </Testables>
   </TestAction>
   <LaunchAction
      useCustomWorkingDirectory = "NO">
   </LaunchAction>
</Scheme>
